
Microsoft Visual Studio Solution File, Format Version 12.00
# Visual Studio Version 17
VisualStudioVersion = 17.2.32616.157
MinimumVisualStudioVersion = 10.0.40219.1
Project("{8BC9CEB8-8B4A-11D0-8D11-00A0C91BC942}") = "Sandbox", "Sandbox\Sandbox.vcxproj", "{00558483-1D0B-453C-A2DF-600A15F57637}"
EndProject
Project("{8BC9CEB8-8B4A-11D0-8D11-00A0C91BC942}") = "GameEngine", "GameEngine\GameEngine.vcxproj", "{69905C8F-AEBB-4334-BFA8-199CAEF3B27F}"
EndProject
Global
	GlobalSection(SolutionConfigurationPlatforms) = preSolution
		Debug|x64 = Debug|x64
		Release|x64 = Release|x64
	EndGlobalSection
	GlobalSection(ProjectConfigurationPlatforms) = postSolution
		{69905C8F-AEBB-4334-BFA8-199CAEF3B27F}.Debug|x64.ActiveCfg = Debug|x64
		{69905C8F-AEBB-4334-BFA8-199CAEF3B27F}.Debug|x64.Build.0 = Debug|x64
		{69905C8F-AEBB-4334-BFA8-199CAEF3B27F}.Release|x64.ActiveCfg = Release|x64
		{69905C8F-AEBB-4334-BFA8-199CAEF3B27F}.Release|x64.Build.0 = Release|x64
		{00558483-1D0B-453C-A2DF-600A15F57637}.Debug|x64.ActiveCfg = Debug|x64
		{00558483-1D0B-453C-A2DF-600A15F57637}.Debug|x64.Build.0 = Debug|x64
		{00558483-1D0B-453C-A2DF-600A15F57637}.Release|x64.ActiveCfg = Release|x64
		{00558483-1D0B-453C-A2DF-600A15F57637}.Release|x64.Build.0 = Release|x64
	EndGlobalSection
	GlobalSection(SolutionProperties) = preSolution
		HideSolutionNode = FALSE
	EndGlobalSection
	GlobalSection(ExtensibilityGlobals) = postSolution
		SolutionGuid = {84D8407E-C7C0-43C9-99FD-823107C89C6A}
	EndGlobalSection
EndGlobal
